
Microsoft Visual Studio Solution File, Format Version 12.00
# Visual Studio Version 17
VisualStudioVersion = 17.8.34322.80
MinimumVisualStudioVersion = 10.0.40219.1
Project("{FAE04EC0-301F-11D3-BF4B-00C04F79EFBC}") = "HollowZero", "HollowZero.csproj", "{3E8FAFB9-6C65-4E6C-B6B4-B555D6BCC7F4}"
EndProject
Global
	GlobalSection(SolutionConfigurationPlatforms) = preSolution
		Debug|Any CPU = Debug|Any CPU
		Release|Any CPU = Release|Any CPU
	EndGlobalSection
	GlobalSection(ProjectConfigurationPlatforms) = postSolution
		{3E8FAFB9-6C65-4E6C-B6B4-B555D6BCC7F4}.Debug|Any CPU.ActiveCfg = Debug|Any CPU
		{3E8FAFB9-6C65-4E6C-B6B4-B555D6BCC7F4}.Debug|Any CPU.Build.0 = Debug|Any CPU
		{3E8FAFB9-6C65-4E6C-B6B4-B555D6BCC7F4}.Release|Any CPU.ActiveCfg = Release|Any CPU
		{3E8FAFB9-6C65-4E6C-B6B4-B555D6BCC7F4}.Release|Any CPU.Build.0 = Release|Any CPU
	EndGlobalSection
	GlobalSection(SolutionProperties) = preSolution
		HideSolutionNode = FALSE
	EndGlobalSection
	GlobalSection(ExtensibilityGlobals) = postSolution
		SolutionGuid = {2684B3E9-7174-4C0A-998A-09C9B63AD0C6}
	EndGlobalSection
EndGlobal
